
Microsoft Visual Studio Solution File, Format Version 12.00
# Visual Studio Version 17
VisualStudioVersion = 17.3.32929.385
MinimumVisualStudioVersion = 10.0.40219.1
Project("{FAE04EC0-301F-11D3-BF4B-00C04F79EFBC}") = "WpfRadioButtonMD", "WpfRadioButtonMD.csproj", "{22DCC369-A30B-481E-9E08-29063B604530}"
EndProject
Global
	GlobalSection(SolutionConfigurationPlatforms) = preSolution
		Debug|Any CPU = Debug|Any CPU
		Release|Any CPU = Release|Any CPU
	EndGlobalSection
	GlobalSection(ProjectConfigurationPlatforms) = postSolution
		{22DCC369-A30B-481E-9E08-29063B604530}.Debug|Any CPU.ActiveCfg = Debug|Any CPU
		{22DCC369-A30B-481E-9E08-29063B604530}.Debug|Any CPU.Build.0 = Debug|Any CPU
		{22DCC369-A30B-481E-9E08-29063B604530}.Release|Any CPU.ActiveCfg = Release|Any CPU
		{22DCC369-A30B-481E-9E08-29063B604530}.Release|Any CPU.Build.0 = Release|Any CPU
	EndGlobalSection
	GlobalSection(SolutionProperties) = preSolution
		HideSolutionNode = FALSE
	EndGlobalSection
	GlobalSection(ExtensibilityGlobals) = postSolution
		SolutionGuid = {A992B678-6BCC-4F88-BE67-829AA9340201}
	EndGlobalSection
EndGlobal
